{
  "name": "nodejs1.1",
  "version": "1.0.0",
  "lockfileVersion": 2,
  "requires": true,
  "packages": {
    "": {
      "name": "nodejs1.1",
      "version": "1.0.0",
      "license": "ISC",
      "dependencies": {
        "@yash22/nodejs1": "^1.0.0"
      }
    },
    "node_modules/@yash22/nodejs1": {
      "version": "1.0.0",
      "resolved": "https://registry.npmjs.org/@yash22/nodejs1/-/nodejs1-1.0.0.tgz",
      "integrity": "sha512-Pr5EDWP2bBNnIlpSVvN9K1YzZQuHlGbjCctGKd0QK4AXh0T+lfhVBfwdc8mZKx4D4bEu83gZridCoTc1pvHzAg=="
    }
  },
  "dependencies": {
    "@yash22/nodejs1": {
      "version": "1.0.0",
      "resolved": "https://registry.npmjs.org/@yash22/nodejs1/-/nodejs1-1.0.0.tgz",
      "integrity": "sha512-Pr5EDWP2bBNnIlpSVvN9K1YzZQuHlGbjCctGKd0QK4AXh0T+lfhVBfwdc8mZKx4D4bEu83gZridCoTc1pvHzAg=="
    }
  }
}
